
Microsoft Visual Studio Solution File, Format Version 12.00
# Visual Studio Version 16
VisualStudioVersion = 16.0.29728.190
MinimumVisualStudioVersion = 10.0.40219.1
Project("{9A19103F-16F7-4668-BE54-9A1E7A4F7556}") = "ProSum", "ProSum\ProSum.csproj", "{C2B01091-2F39-4C4A-BFEA-19EADD88FFB2}"
EndProject
Global
	GlobalSection(SolutionConfigurationPlatforms) = preSolution
		Debug|Any CPU = Debug|Any CPU
		Release|Any CPU = Release|Any CPU
	EndGlobalSection
	GlobalSection(ProjectConfigurationPlatforms) = postSolution
		{C2B01091-2F39-4C4A-BFEA-19EADD88FFB2}.Debug|Any CPU.ActiveCfg = Debug|Any CPU
		{C2B01091-2F39-4C4A-BFEA-19EADD88FFB2}.Debug|Any CPU.Build.0 = Debug|Any CPU
		{C2B01091-2F39-4C4A-BFEA-19EADD88FFB2}.Release|Any CPU.ActiveCfg = Release|Any CPU
		{C2B01091-2F39-4C4A-BFEA-19EADD88FFB2}.Release|Any CPU.Build.0 = Release|Any CPU
	EndGlobalSection
	GlobalSection(SolutionProperties) = preSolution
		HideSolutionNode = FALSE
	EndGlobalSection
	GlobalSection(ExtensibilityGlobals) = postSolution
		SolutionGuid = {96721805-786C-499B-98A4-9F22984D0465}
	EndGlobalSection
EndGlobal
